version = 1
revision = 3
requires-python = "==3.10.19"

[[package]]
name = "asgiref"
version = "3.10.0"
source = { registry = "https://pypi.org/simple" }
dependencies = [
    { name = "typing-extensions" },
]
sdist = { url = "https://files.pythonhosted.org/packages/46/08/4dfec9b90758a59acc6be32ac82e98d1fbfc321cb5cfa410436dbacf821c/asgiref-3.10.0.tar.gz", hash = "sha256:d89f2d8cd8b56dada7d52fa7dc8075baa08fb836560710d38c292a7a3f78c04e", size = 37483, upload-time = "2025-10-05T09:15:06.557Z" }
wheels = [
    { url = "https://files.pythonhosted.org/packages/17/9c/fc2331f538fbf7eedba64b2052e99ccf9ba9d6888e2f41441ee28847004b/asgiref-3.10.0-py3-none-any.whl", hash = "sha256:aef8a81283a34d0ab31630c9b7dfe70c812c95eba78171367ca8745e88124734", size = 24050, upload-time = "2025-10-05T09:15:05.11Z" },
]

[[package]]
name = "benjaminschmidt-github-io"
version = "0.0.0"
source = { virtual = "." }
dependencies = [
    { name = "django" },
    { name = "pillow" },
    { name = "tzdata" },
]

[package.metadata]
requires-dist = [
    { name = "django", specifier = "==4.1.7" },
    { name = "pillow", specifier = "==9.4.0" },
    { name = "tzdata", specifier = "==2022.7" },
]

[[package]]
name = "django"
version = "4.1.7"
source = { registry = "https://pypi.org/simple" }
dependencies = [
    { name = "asgiref" },
    { name = "sqlparse" },
    { name = "tzdata", marker = "sys_platform == 'win32'" },
]
sdist = { url = "https://files.pythonhosted.org/packages/9f/a7/07939866241b7e8f8d3bf164b7d6ad428163723e29dd472700f8ab0e5fd5/Django-4.1.7.tar.gz", hash = "sha256:44f714b81c5f190d9d2ddad01a532fe502fa01c4cb8faf1d081f4264ed15dcd8", size = 10520415, upload-time = "2023-02-14T08:25:50.105Z" }
wheels = [
    { url = "https://files.pythonhosted.org/packages/89/86/59e237f7176cfc1544446914fa329fd560bb8fce46be52dd7af5dc7c54f9/Django-4.1.7-py3-none-any.whl", hash = "sha256:f2f431e75adc40039ace496ad3b9f17227022e8b11566f4b363da44c7e44761e", size = 8103455, upload-time = "2023-02-14T08:25:36.578Z" },
]

[[package]]
name = "pillow"
version = "9.4.0"
source = { registry = "https://pypi.org/simple" }
sdist = { url = "https://files.pythonhosted.org/packages/bc/07/830784e061fb94d67649f3e438ff63cfb902dec6d48ac75aeaaac7c7c30e/Pillow-9.4.0.tar.gz", hash = "sha256:a1c2d7780448eb93fbcc3789bf3916aa5720d942e37945f4056680317f1cd23e", size = 50403076, upload-time = "2023-01-02T02:58:26.682Z" }
wheels = [
    { url = "https://files.pythonhosted.org/packages/99/d1/4a4f29204e34a0d253ee0f371930c37ba288ecef652f7f49cb6b4602f13b/Pillow-9.4.0-1-cp310-cp310-macosx_10_10_x86_64.whl", hash = "sha256:1b4b4e9dda4f4e4c4e6896f93e84a8f0bcca3b059de9ddf67dac3c334b1195e1", size = 3344975, upload-time = "2023-01-06T02:13:24.296Z" },
    { url = "https://files.pythonhosted.org/packages/e8/b1/55617e272040129919077e403996375fcdfb4f5f5b8c24a7c4e92fb8b17b/Pillow-9.4.0-2-cp310-cp310-macosx_10_10_x86_64.whl", hash = "sha256:9d9a62576b68cd90f7075876f4e8444487db5eeea0e4df3ba298ee38a8d067b0", size = 3339980, upload-time = "2023-01-17T08:01:54.209Z" },
    { url = "https://files.pythonhosted.org/packages/20/98/2bd3aa232e4c4b2db3e9b65876544b23caabbb0db43929253bfb72e520ca/Pillow-9.4.0-cp310-cp310-macosx_10_10_x86_64.whl", hash = "sha256:2968c58feca624bb6c8502f9564dd187d0e1389964898f5e9e1fbc8533169157", size = 3345015, upload-time = "2023-01-02T02:51:25.233Z" },
    { url = "https://files.pythonhosted.org/packages/6e/2f/937e89f838161c09bd17e53b49b8415051473c9ce9b6c55b288a66625b13/Pillow-9.4.0-cp310-cp310-macosx_11_0_arm64.whl", hash = "sha256:c5c1362c14aee73f50143d74389b2c158707b4abce2cb055b7ad37ce60738d47", size = 3011264, upload-time = "2023-01-02T02:51:32.401Z" },
    { url = "https://files.pythonhosted.org/packages/09/f3/213bc3f14041002f871837a3130a66cda3b4a2b22b0be9da6fc7a7346a0d/Pillow-9.4.0-cp310-cp310-manylinux_2_17_aarch64.manylinux2014_aarch64.whl", hash = "sha256:bd752c5ff1b4a870b7661234694f24b1d2b9076b8bf337321a814c612665f343", size = 3060841, upload-time = "2023-01-02T02:51:38.742Z" },
    { url = "https://files.pythonhosted.org/packages/18/ce/2390e0a84138fb84e7510bbc5a7a8530c2ac5661241531e60b0f85c6f35b/Pillow-9.4.0-cp310-cp310-manylinux_2_17_i686.manylinux2014_i686.whl", hash = "sha256:9a3049a10261d7f2b6514d35bbb7a4dfc3ece4c4de14ef5876c4b7a23a0e566d", size = 3331369, upload-time = "2023-01-02T02:51:47.307Z" },
    { url = "https://files.pythonhosted.org/packages/69/6d/17f0ee189732bd16def91c0b440203c829b71e3af24f569cb22d831760cb/Pillow-9.4.0-cp310-cp310-manylinux_2_17_x86_64.manylinux2014_x86_64.whl", hash = "sha256:16a8df99701f9095bea8a6c4b3197da105df6f74e6176c5b410bc2df2fd29a57", size = 3253815, upload-time = "2023-01-02T02:51:59.918Z" },
    { url = "https://files.pythonhosted.org/packages/06/50/fd98b6be293b96b02ca0dca15939e8e8d0c7f71d731e9b93e6403487911f/Pillow-9.4.0-cp310-cp310-manylinux_2_28_aarch64.whl", hash = "sha256:94cdff45173b1919350601f82d61365e792895e3c3a3443cf99819e6fbf717a5", size = 3112165, upload-time = "2023-01-02T02:52:08.034Z" },
    { url = "https://files.pythonhosted.org/packages/40/d1/b646804eb150a94c76abc54576ea885f71030bab6c541ccb9594db5da64a/Pillow-9.4.0-cp310-cp310-manylinux_2_28_x86_64.whl", hash = "sha256:ed3e4b4e1e6de75fdc16d3259098de7c6571b1a6cc863b1a49e7d3d53e036070", size = 3360976, upload-time = "2023-01-02T02:52:17.66Z" },
    { url = "https://files.pythonhosted.org/packages/6a/cc/5b915fd1d4fe9edfd2fb23779079c11fee21535227aabc141f5fae4c97ab/Pillow-9.4.0-cp310-cp310-musllinux_1_1_aarch64.whl", hash = "sha256:d5b2f8a31bd43e0f18172d8ac82347c8f37ef3e0b414431157718aa234991b28", size = 3294755, upload-time = "2023-01-02T02:52:27.452Z" },
    { url = "https://files.pythonhosted.org/packages/23/8f/4d428380740a7b83a51a4b25c33d422c59dcece99784f09acf7f0b3e4ee4/Pillow-9.4.0-cp310-cp310-musllinux_1_1_x86_64.whl", hash = "sha256:09b89ddc95c248ee788328528e6a2996e09eaccddeeb82a5356e92645733be35", size = 3357304, upload-time = "2023-01-02T02:52:40.189Z" },
    { url = "https://files.pythonhosted.org/packages/52/75/141b332164bfcd78d3d49b95a36a34b0190f3030d93f686cb596156d368d/Pillow-9.4.0-cp310-cp310-win32.whl", hash = "sha256:f09598b416ba39a8f489c124447b007fe865f786a89dbfa48bb5cf395693132a", size = 2184780, upload-time = "2023-01-02T02:52:45.921Z" },
    { url = "https://files.pythonhosted.org/packages/5e/7c/293136a5171800001be33c21a51daaca68fae954b543e2c015a6bb81a716/Pillow-9.4.0-cp310-cp310-win_amd64.whl", hash = "sha256:f6e78171be3fb7941f9910ea15b4b14ec27725865a73c15277bc39f5ca4f8391", size = 2475100, upload-time = "2023-01-02T02:52:51.402Z" },
]

[[package]]
name = "sqlparse"
version = "0.5.3"
source = { registry = "https://pypi.org/simple" }
sdist = { url = "https://files.pythonhosted.org/packages/e5/40/edede8dd6977b0d3da179a342c198ed100dd2aba4be081861ee5911e4da4/sqlparse-0.5.3.tar.gz", hash = "sha256:09f67787f56a0b16ecdbde1bfc7f5d9c3371ca683cfeaa8e6ff60b4807ec9272", size = 84999, upload-time = "2024-12-10T12:05:30.728Z" }
wheels = [
    { url = "https://files.pythonhosted.org/packages/a9/5c/bfd6bd0bf979426d405cc6e71eceb8701b148b16c21d2dc3c261efc61c7b/sqlparse-0.5.3-py3-none-any.whl", hash = "sha256:cf2196ed3418f3ba5de6af7e82c694a9fbdbfecccdfc72e281548517081f16ca", size = 44415, upload-time = "2024-12-10T12:05:27.824Z" },
]

[[package]]
name = "typing-extensions"
version = "4.15.0"
source = { registry = "https://pypi.org/simple" }
sdist = { url = "https://files.pythonhosted.org/packages/72/94/1a15dd82efb362ac84269196e94cf00f187f7ed21c242792a923cdb1c61f/typing_extensions-4.15.0.tar.gz", hash = "sha256:0cea48d173cc12fa28ecabc3b837ea3cf6f38c6d1136f85cbaaf598984861466", size = 109391, upload-time = "2025-08-25T13:49:26.313Z" }
wheels = [
    { url = "https://files.pythonhosted.org/packages/18/67/36e9267722cc04a6b9f15c7f3441c2363321a3ea07da7ae0c0707beb2a9c/typing_extensions-4.15.0-py3-none-any.whl", hash = "sha256:f0fa19c6845758ab08074a0cfa8b7aecb71c999ca73d62883bc25cc018c4e548", size = 44614, upload-time = "2025-08-25T13:49:24.86Z" },
]

[[package]]
name = "tzdata"
version = "2022.7"
source = { registry = "https://pypi.org/simple" }
sdist = { url = "https://files.pythonhosted.org/packages/5b/30/b7abfb11be6642d26de1c1840d25e8d90333513350ad0ebc03101d55e13b/tzdata-2022.7.tar.gz", hash = "sha256:fe5f866eddd8b96e9fcba978f8e503c909b19ea7efda11e52e39494bad3a7bfa", size = 185615, upload-time = "2022-11-30T19:31:43.827Z" }
wheels = [
    { url = "https://files.pythonhosted.org/packages/fa/5e/f99a7df3ae2079211d31ec23b1d34380c7870c26e99159f6e422dcbab538/tzdata-2022.7-py2.py3-none-any.whl", hash = "sha256:2b88858b0e3120792a3c0635c23daf36a7d7eeeca657c323da299d2094402a0d", size = 340147, upload-time = "2022-11-30T19:31:42.467Z" },
]
